
Microsoft Visual Studio Solution File, Format Version 12.00
# Visual Studio Version 16
VisualStudioVersion = 16.0.31313.79
MinimumVisualStudioVersion = 10.0.40219.1
Project("{FAE04EC0-301F-11D3-BF4B-00C04F79EFBC}") = "Flujo de datos - C2 Ej16", "Flujo de datos - C2 Ej16\Flujo de datos - C2 Ej16.csproj", "{CB39E333-0D08-4131-8E94-6E3C3EC09C56}"
EndProject
Global
	GlobalSection(SolutionConfigurationPlatforms) = preSolution
		Debug|Any CPU = Debug|Any CPU
		Release|Any CPU = Release|Any CPU
	EndGlobalSection
	GlobalSection(ProjectConfigurationPlatforms) = postSolution
		{CB39E333-0D08-4131-8E94-6E3C3EC09C56}.Debug|Any CPU.ActiveCfg = Debug|Any CPU
		{CB39E333-0D08-4131-8E94-6E3C3EC09C56}.Debug|Any CPU.Build.0 = Debug|Any CPU
		{CB39E333-0D08-4131-8E94-6E3C3EC09C56}.Release|Any CPU.ActiveCfg = Release|Any CPU
		{CB39E333-0D08-4131-8E94-6E3C3EC09C56}.Release|Any CPU.Build.0 = Release|Any CPU
	EndGlobalSection
	GlobalSection(SolutionProperties) = preSolution
		HideSolutionNode = FALSE
	EndGlobalSection
	GlobalSection(ExtensibilityGlobals) = postSolution
		SolutionGuid = {1F318112-A7C8-4117-85D3-C63704F328FE}
	EndGlobalSection
EndGlobal
